PODS:
  - Alamofire (3.4.1)
  - Result (2.1.2)
  - SnapKit (0.21.1)
  - SugarRecord/CoreData (2.2.9):
    - Result (~> 2.0)
  - SwiftSpinner (0.9.5)
  - SwiftyJSON (2.3.2)

DEPENDENCIES:
  - Alamofire
  - SnapKit
  - SugarRecord/CoreData
  - SwiftSpinner
  - SwiftyJSON

SPEC CHECKSUMS:
  Alamofire: 01a82e2f6c0f860ade35534c8dd88be61bdef40c
  Result: 6e722d4a66b1408680dbfcdf51c0b1c4b706316a
  SnapKit: bbad04cb016c7cead63965f16b00c09318d271ee
  SugarRecord: 2463fbe768633a2524ba505dfed5315167331c0a
  SwiftSpinner: c6585a0ae5c67eb33e737695cce88f0262008cce
  SwiftyJSON: 04ccea08915aa0109039157c7974cf0298da292a

PODFILE CHECKSUM: 0a399be7494d09f60256f9685e4b5eb08001f338

COCOAPODS: 1.0.1
