// !$*UTF8*$!
{
	archiveVersion = 1;
	classes = {
	};
	objectVersion = 46;
	objects = {

/* Begin PBXBuildFile section */
		0343107C1D916218002BB8BA /* AppDelegate.swift in Sources */ = {isa = PBXBuildFile; fileRef = 0343107B1D916218002BB8BA /* AppDelegate.swift */; };
		034310811D916218002BB8BA /* Main.storyboard in Resources */ = {isa = PBXBuildFile; fileRef = 0343107F1D916218002BB8BA /* Main.storyboard */; };
		034310831D916218002BB8BA /* Assets.xcassets in Resources */ = {isa = PBXBuildFile; fileRef = 034310821D916218002BB8BA /* Assets.xcassets */; };
		034310861D916218002BB8BA /* LaunchScreen.storyboard in Resources */ = {isa = PBXBuildFile; fileRef = 034310841D916218002BB8BA /* LaunchScreen.storyboard */; };
		034310911D916218002BB8BA /* TodoAppMLTests.swift in Sources */ = {isa = PBXBuildFile; fileRef = 034310901D916218002BB8BA /* TodoAppMLTests.swift */; };
		03C0D9491D91638200B4571A /* MLPendingViewController.swift in Sources */ = {isa = PBXBuildFile; fileRef = 03C0D9481D91638200B4571A /* MLPendingViewController.swift */; };
		03C0D94C1D9163AE00B4571A /* MLPendingVCModel.swift in Sources */ = {isa = PBXBuildFile; fileRef = 03C0D94B1D9163AE00B4571A /* MLPendingVCModel.swift */; };
		03C0D94E1D9163D000B4571A /* MLPendingTableViewCell.swift in Sources */ = {isa = PBXBuildFile; fileRef = 03C0D94D1D9163D000B4571A /* MLPendingTableViewCell.swift */; };
		03C0D9511D91645500B4571A /* NLDataAccessManager.swift in Sources */ = {isa = PBXBuildFile; fileRef = 03C0D9501D91645500B4571A /* NLDataAccessManager.swift */; };
		3243E1CBF0BFE4271410A7F7 /* Pods_TodoAppML.framework in Frameworks */ = {isa = PBXBuildFile; fileRef = 755045F3EF8C13C02A9A421F /* Pods_TodoAppML.framework */; };
		61F0957B911E5E0C336F721F /* Pods_TodoAppMLTests.framework in Frameworks */ = {isa = PBXBuildFile; fileRef = 225D79FDCDFE6B762ADACF81 /* Pods_TodoAppMLTests.framework */; };
/* End PBXBuildFile section */

/* Begin PBXContainerItemProxy section */
		0343108D1D916218002BB8BA /* PBXContainerItemProxy */ = {
			isa = PBXContainerItemProxy;
			containerPortal = 034310701D916218002BB8BA /* Project object */;
			proxyType = 1;
			remoteGlobalIDString = 034310771D916218002BB8BA;
			remoteInfo = TodoAppML;
		};
/* End PBXContainerItemProxy section */

/* Begin PBXFileReference section */
		034310781D916218002BB8BA /* TodoAppML.app */ = {isa = PBXFileReference; explicitFileType = wrapper.application; includeInIndex = 0; path = TodoAppML.app; sourceTree = BUILT_PRODUCTS_DIR; };
		0343107B1D916218002BB8BA /* AppDelegate.swift */ = {isa = PBXFileReference; lastKnownFileType = sourcecode.swift; path = AppDelegate.swift; sourceTree = "<group>"; };
		034310801D916218002BB8BA /* Base */ = {isa = PBXFileReference; lastKnownFileType = file.storyboard; name = Base; path = Base.lproj/Main.storyboard; sourceTree = "<group>"; };
		034310821D916218002BB8BA /* Assets.xcassets */ = {isa = PBXFileReference; lastKnownFileType = folder.assetcatalog; path = Assets.xcassets; sourceTree = "<group>"; };
		034310851D916218002BB8BA /* Base */ = {isa = PBXFileReference; lastKnownFileType = file.storyboard; name = Base; path = Base.lproj/LaunchScreen.storyboard; sourceTree = "<group>"; };
		034310871D916218002BB8BA /* Info.plist */ = {isa = PBXFileReference; lastKnownFileType = text.plist.xml; path = Info.plist; sourceTree = "<group>"; };
		0343108C1D916218002BB8BA /* TodoAppMLTests.xctest */ = {isa = PBXFileReference; explicitFileType = wrapper.cfbundle; includeInIndex = 0; path = TodoAppMLTests.xctest; sourceTree = BUILT_PRODUCTS_DIR; };
		034310901D916218002BB8BA /* TodoAppMLTests.swift */ = {isa = PBXFileReference; lastKnownFileType = sourcecode.swift; path = TodoAppMLTests.swift; sourceTree = "<group>"; };
		034310921D916218002BB8BA /* Info.plist */ = {isa = PBXFileReference; lastKnownFileType = text.plist.xml; path = Info.plist; sourceTree = "<group>"; };
		03C0D9481D91638200B4571A /* MLPendingViewController.swift */ = {isa = PBXFileReference; fileEncoding = 4; lastKnownFileType = sourcecode.swift; name = MLPendingViewController.swift; path = "View Controller/MLPendingViewController.swift"; sourceTree = "<group>"; };
		03C0D94B1D9163AE00B4571A /* MLPendingVCModel.swift */ = {isa = PBXFileReference; fileEncoding = 4; lastKnownFileType = sourcecode.swift; name = MLPendingVCModel.swift; path = Model/MLPendingVCModel.swift; sourceTree = "<group>"; };
		03C0D94D1D9163D000B4571A /* MLPendingTableViewCell.swift */ = {isa = PBXFileReference; fileEncoding = 4; lastKnownFileType = sourcecode.swift; name = MLPendingTableViewCell.swift; path = View/MLPendingTableViewCell.swift; sourceTree = "<group>"; };
		03C0D9501D91645500B4571A /* NLDataAccessManager.swift */ = {isa = PBXFileReference; fileEncoding = 4; lastKnownFileType = sourcecode.swift; name = NLDataAccessManager.swift; path = Network/NLDataAccessManager.swift; sourceTree = "<group>"; };
		225D79FDCDFE6B762ADACF81 /* Pods_TodoAppMLTests.framework */ = {isa = PBXFileReference; explicitFileType = wrapper.framework; includeInIndex = 0; path = Pods_TodoAppMLTests.framework; sourceTree = BUILT_PRODUCTS_DIR; };
		4BD9BFBE99962DB9587A81E8 /* Pods-TodoAppML.debug.xcconfig */ = {isa = PBXFileReference; includeInIndex = 1; lastKnownFileType = text.xcconfig; name = "Pods-TodoAppML.debug.xcconfig"; path = "Pods/Target Support Files/Pods-TodoAppML/Pods-TodoAppML.debug.xcconfig"; sourceTree = "<group>"; };
		634BBCC74C060DE97F4A53CE /* Pods-TodoAppMLTests.release.xcconfig */ = {isa = PBXFileReference; includeInIndex = 1; lastKnownFileType = text.xcconfig; name = "Pods-TodoAppMLTests.release.xcconfig"; path = "Pods/Target Support Files/Pods-TodoAppMLTests/Pods-TodoAppMLTests.release.xcconfig"; sourceTree = "<group>"; };
		755045F3EF8C13C02A9A421F /* Pods_TodoAppML.framework */ = {isa = PBXFileReference; explicitFileType = wrapper.framework; includeInIndex = 0; path = Pods_TodoAppML.framework; sourceTree = BUILT_PRODUCTS_DIR; };
		95E7D8EC835DAA39DEC92D12 /* Pods-TodoAppMLTests.debug.xcconfig */ = {isa = PBXFileReference; includeInIndex = 1; lastKnownFileType = text.xcconfig; name = "Pods-TodoAppMLTests.debug.xcconfig"; path = "Pods/Target Support Files/Pods-TodoAppMLTests/Pods-TodoAppMLTests.debug.xcconfig"; sourceTree = "<group>"; };
		968DD01379CE5A06F48E99BB /* Pods-TodoAppML.release.xcconfig */ = {isa = PBXFileReference; includeInIndex = 1; lastKnownFileType = text.xcconfig; name = "Pods-TodoAppML.release.xcconfig"; path = "Pods/Target Support Files/Pods-TodoAppML/Pods-TodoAppML.release.xcconfig"; sourceTree = "<group>"; };
/* End PBXFileReference section */

/* Begin PBXFrameworksBuildPhase section */
		034310751D916218002BB8BA /* Frameworks */ = {
			isa = PBXFrameworksBuildPhase;
			buildActionMask = 2147483647;
			files = (
				3243E1CBF0BFE4271410A7F7 /* Pods_TodoAppML.framework in Frameworks */,
			);
			runOnlyForDeploymentPostprocessing = 0;
		};
		034310891D916218002BB8BA /* Frameworks */ = {
			isa = PBXFrameworksBuildPhase;
			buildActionMask = 2147483647;
			files = (
				61F0957B911E5E0C336F721F /* Pods_TodoAppMLTests.framework in Frameworks */,
			);
			runOnlyForDeploymentPostprocessing = 0;
		};
/* End PBXFrameworksBuildPhase section */

/* Begin PBXGroup section */
		0343106F1D916218002BB8BA = {
			isa = PBXGroup;
			children = (
				0343107A1D916218002BB8BA /* TodoAppML */,
				0343108F1D916218002BB8BA /* TodoAppMLTests */,
				034310791D916218002BB8BA /* Products */,
				61885A4CF9282D1453C250EF /* Pods */,
				D21409BD2306787347C16118 /* Frameworks */,
			);
			sourceTree = "<group>";
		};
		034310791D916218002BB8BA /* Products */ = {
			isa = PBXGroup;
			children = (
				034310781D916218002BB8BA /* TodoAppML.app */,
				0343108C1D916218002BB8BA /* TodoAppMLTests.xctest */,
			);
			name = Products;
			sourceTree = "<group>";
		};
		0343107A1D916218002BB8BA /* TodoAppML */ = {
			isa = PBXGroup;
			children = (
				03C0D94F1D91641C00B4571A /* Network */,
				03C0D9471D9162B000B4571A /* Model */,
				03C0D9451D91629F00B4571A /* View */,
				03C0D9461D9162A800B4571A /* View Controller */,
				0343107B1D916218002BB8BA /* AppDelegate.swift */,
				0343107F1D916218002BB8BA /* Main.storyboard */,
				034310821D916218002BB8BA /* Assets.xcassets */,
				034310841D916218002BB8BA /* LaunchScreen.storyboard */,
				034310871D916218002BB8BA /* Info.plist */,
			);
			path = TodoAppML;
			sourceTree = "<group>";
		};
		0343108F1D916218002BB8BA /* TodoAppMLTests */ = {
			isa = PBXGroup;
			children = (
				034310901D916218002BB8BA /* TodoAppMLTests.swift */,
				034310921D916218002BB8BA /* Info.plist */,
			);
			path = TodoAppMLTests;
			sourceTree = "<group>";
		};
		03C0D9451D91629F00B4571A /* View */ = {
			isa = PBXGroup;
			children = (
				03C0D94D1D9163D000B4571A /* MLPendingTableViewCell.swift */,
			);
			name = View;
			sourceTree = "<group>";
		};
		03C0D9461D9162A800B4571A /* View Controller */ = {
			isa = PBXGroup;
			children = (
				03C0D9481D91638200B4571A /* MLPendingViewController.swift */,
			);
			name = "View Controller";
			sourceTree = "<group>";
		};
		03C0D9471D9162B000B4571A /* Model */ = {
			isa = PBXGroup;
			children = (
				03C0D94B1D9163AE00B4571A /* MLPendingVCModel.swift */,
			);
			name = Model;
			sourceTree = "<group>";
		};
		03C0D94F1D91641C00B4571A /* Network */ = {
			isa = PBXGroup;
			children = (
				03C0D9501D91645500B4571A /* NLDataAccessManager.swift */,
			);
			name = Network;
			sourceTree = "<group>";
		};
		61885A4CF9282D1453C250EF /* Pods */ = {
			isa = PBXGroup;
			children = (
				4BD9BFBE99962DB9587A81E8 /* Pods-TodoAppML.debug.xcconfig */,
				968DD01379CE5A06F48E99BB /* Pods-TodoAppML.release.xcconfig */,
				95E7D8EC835DAA39DEC92D12 /* Pods-TodoAppMLTests.debug.xcconfig */,
				634BBCC74C060DE97F4A53CE /* Pods-TodoAppMLTests.release.xcconfig */,
			);
			name = Pods;
			sourceTree = "<group>";
		};
		D21409BD2306787347C16118 /* Frameworks */ = {
			isa = PBXGroup;
			children = (
				755045F3EF8C13C02A9A421F /* Pods_TodoAppML.framework */,
				225D79FDCDFE6B762ADACF81 /* Pods_TodoAppMLTests.framework */,
			);
			name = Frameworks;
			sourceTree = "<group>";
		};
/* End PBXGroup section */

/* Begin PBXNativeTarget section */
		034310771D916218002BB8BA /* TodoAppML */ = {
			isa = PBXNativeTarget;
			buildConfigurationList = 034310951D916218002BB8BA /* Build configuration list for PBXNativeTarget "TodoAppML" */;
			buildPhases = (
				6A3C522237CC90AB902D30B0 /* [CP] Check Pods Manifest.lock */,
				034310741D916218002BB8BA /* Sources */,
				034310751D916218002BB8BA /* Frameworks */,
				034310761D916218002BB8BA /* Resources */,
				631A412F9962C5142167E16B /* [CP] Embed Pods Frameworks */,
				336678B108DA4A097A06D9E7 /* [CP] Copy Pods Resources */,
			);
			buildRules = (
			);
			dependencies = (
			);
			name = TodoAppML;
			productName = TodoAppML;
			productReference = 034310781D916218002BB8BA /* TodoAppML.app */;
			productType = "com.apple.product-type.application";
		};
		0343108B1D916218002BB8BA /* TodoAppMLTests */ = {
			isa = PBXNativeTarget;
			buildConfigurationList = 034310981D916218002BB8BA /* Build configuration list for PBXNativeTarget "TodoAppMLTests" */;
			buildPhases = (
				F34F651A1D693DF2AD1BD75A /* [CP] Check Pods Manifest.lock */,
				034310881D916218002BB8BA /* Sources */,
				034310891D916218002BB8BA /* Frameworks */,
				0343108A1D916218002BB8BA /* Resources */,
				C7B4C3C1B26EE6F1D9B58C29 /* [CP] Embed Pods Frameworks */,
				DD10BF7323F3F3C3C3027566 /* [CP] Copy Pods Resources */,
			);
			buildRules = (
			);
			dependencies = (
				0343108E1D916218002BB8BA /* PBXTargetDependency */,
			);
			name = TodoAppMLTests;
			productName = TodoAppMLTests;
			productReference = 0343108C1D916218002BB8BA /* TodoAppMLTests.xctest */;
			productType = "com.apple.product-type.bundle.unit-test";
		};
/* End PBXNativeTarget section */

/* Begin PBXProject section */
		034310701D916218002BB8BA /* Project object */ = {
			isa = PBXProject;
			attributes = {
				LastSwiftUpdateCheck = 0730;
				LastUpgradeCheck = 0730;
				ORGANIZATIONNAME = Malaysia;
				TargetAttributes = {
					034310771D916218002BB8BA = {
						CreatedOnToolsVersion = 7.3.1;
					};
					0343108B1D916218002BB8BA = {
						CreatedOnToolsVersion = 7.3.1;
						TestTargetID = 034310771D916218002BB8BA;
					};
				};
			};
			buildConfigurationList = 034310731D916218002BB8BA /* Build configuration list for PBXProject "TodoAppML" */;
			compatibilityVersion = "Xcode 3.2";
			developmentRegion = English;
			hasScannedForEncodings = 0;
			knownRegions = (
				en,
				Base,
			);
			mainGroup = 0343106F1D916218002BB8BA;
			productRefGroup = 034310791D916218002BB8BA /* Products */;
			projectDirPath = "";
			projectRoot = "";
			targets = (
				034310771D916218002BB8BA /* TodoAppML */,
				0343108B1D916218002BB8BA /* TodoAppMLTests */,
			);
		};
/* End PBXProject section */

/* Begin PBXResourcesBuildPhase section */
		034310761D916218002BB8BA /* Resources */ = {
			isa = PBXResourcesBuildPhase;
			buildActionMask = 2147483647;
			files = (
				034310861D916218002BB8BA /* LaunchScreen.storyboard in Resources */,
				034310831D916218002BB8BA /* Assets.xcassets in Resources */,
				034310811D916218002BB8BA /* Main.storyboard in Resources */,
			);
			runOnlyForDeploymentPostprocessing = 0;
		};
		0343108A1D916218002BB8BA /* Resources */ = {
			isa = PBXResourcesBuildPhase;
			buildActionMask = 2147483647;
			files = (
			);
			runOnlyForDeploymentPostprocessing = 0;
		};
/* End PBXResourcesBuildPhase section */

/* Begin PBXShellScriptBuildPhase section */
		336678B108DA4A097A06D9E7 /* [CP] Copy Pods Resources */ = {
			isa = PBXShellScriptBuildPhase;
			buildActionMask = 2147483647;
			files = (
			);
			inputPaths = (
			);
			name = "[CP] Copy Pods Resources";
			outputPaths = (
			);
			runOnlyForDeploymentPostprocessing = 0;
			shellPath = /bin/sh;
			shellScript = "\"${SRCROOT}/Pods/Target Support Files/Pods-TodoAppML/Pods-TodoAppML-resources.sh\"\n";
			showEnvVarsInLog = 0;
		};
		631A412F9962C5142167E16B /* [CP] Embed Pods Frameworks */ = {
			isa = PBXShellScriptBuildPhase;
			buildActionMask = 2147483647;
			files = (
			);
			inputPaths = (
			);
			name = "[CP] Embed Pods Frameworks";
			outputPaths = (
			);
			runOnlyForDeploymentPostprocessing = 0;
			shellPath = /bin/sh;
			shellScript = "\"${SRCROOT}/Pods/Target Support Files/Pods-TodoAppML/Pods-TodoAppML-frameworks.sh\"\n";
			showEnvVarsInLog = 0;
		};
		6A3C522237CC90AB902D30B0 /* [CP] Check Pods Manifest.lock */ = {
			isa = PBXShellScriptBuildPhase;
			buildActionMask = 2147483647;
			files = (
			);
			inputPaths = (
			);
			name = "[CP] Check Pods Manifest.lock";
			outputPaths = (
			);
			runOnlyForDeploymentPostprocessing = 0;
			shellPath = /bin/sh;
			shellScript = "diff \"${PODS_ROOT}/../Podfile.lock\" \"${PODS_ROOT}/Manifest.lock\" > /dev/null\nif [[ $? != 0 ]] ; then\n    cat << EOM\nerror: The sandbox is not in sync with the Podfile.lock. Run 'pod install' or update your CocoaPods installation.\nEOM\n    exit 1\nfi\n";
			showEnvVarsInLog = 0;
		};
		C7B4C3C1B26EE6F1D9B58C29 /* [CP] Embed Pods Frameworks */ = {
			isa = PBXShellScriptBuildPhase;
			buildActionMask = 2147483647;
			files = (
			);
			inputPaths = (
			);
			name = "[CP] Embed Pods Frameworks";
			outputPaths = (
			);
			runOnlyForDeploymentPostprocessing = 0;
			shellPath = /bin/sh;
			shellScript = "\"${SRCROOT}/Pods/Target Support Files/Pods-TodoAppMLTests/Pods-TodoAppMLTests-frameworks.sh\"\n";
			showEnvVarsInLog = 0;
		};
		DD10BF7323F3F3C3C3027566 /* [CP] Copy Pods Resources */ = {
			isa = PBXShellScriptBuildPhase;
			buildActionMask = 2147483647;
			files = (
			);
			inputPaths = (
			);
			name = "[CP] Copy Pods Resources";
			outputPaths = (
			);
			runOnlyForDeploymentPostprocessing = 0;
			shellPath = /bin/sh;
			shellScript = "\"${SRCROOT}/Pods/Target Support Files/Pods-TodoAppMLTests/Pods-TodoAppMLTests-resources.sh\"\n";
			showEnvVarsInLog = 0;
		};
		F34F651A1D693DF2AD1BD75A /* [CP] Check Pods Manifest.lock */ = {
			isa = PBXShellScriptBuildPhase;
			buildActionMask = 2147483647;
			files = (
			);
			inputPaths = (
			);
			name = "[CP] Check Pods Manifest.lock";
			outputPaths = (
			);
			runOnlyForDeploymentPostprocessing = 0;
			shellPath = /bin/sh;
			shellScript = "diff \"${PODS_ROOT}/../Podfile.lock\" \"${PODS_ROOT}/Manifest.lock\" > /dev/null\nif [[ $? != 0 ]] ; then\n    cat << EOM\nerror: The sandbox is not in sync with the Podfile.lock. Run 'pod install' or update your CocoaPods installation.\nEOM\n    exit 1\nfi\n";
			showEnvVarsInLog = 0;
		};
/* End PBXShellScriptBuildPhase section */

/* Begin PBXSourcesBuildPhase section */
		034310741D916218002BB8BA /* Sources */ = {
			isa = PBXSourcesBuildPhase;
			buildActionMask = 2147483647;
			files = (
				03C0D94E1D9163D000B4571A /* MLPendingTableViewCell.swift in Sources */,
				0343107C1D916218002BB8BA /* AppDelegate.swift in Sources */,
				03C0D9491D91638200B4571A /* MLPendingViewController.swift in Sources */,
				03C0D9511D91645500B4571A /* NLDataAccessManager.swift in Sources */,
				03C0D94C1D9163AE00B4571A /* MLPendingVCModel.swift in Sources */,
			);
			runOnlyForDeploymentPostprocessing = 0;
		};
		034310881D916218002BB8BA /* Sources */ = {
			isa = PBXSourcesBuildPhase;
			buildActionMask = 2147483647;
			files = (
				034310911D916218002BB8BA /* TodoAppMLTests.swift in Sources */,
			);
			runOnlyForDeploymentPostprocessing = 0;
		};
/* End PBXSourcesBuildPhase section */

/* Begin PBXTargetDependency section */
		0343108E1D916218002BB8BA /* PBXTargetDependency */ = {
			isa = PBXTargetDependency;
			target = 034310771D916218002BB8BA /* TodoAppML */;
			targetProxy = 0343108D1D916218002BB8BA /* PBXContainerItemProxy */;
		};
/* End PBXTargetDependency section */

/* Begin PBXVariantGroup section */
		0343107F1D916218002BB8BA /* Main.storyboard */ = {
			isa = PBXVariantGroup;
			children = (
				034310801D916218002BB8BA /* Base */,
			);
			name = Main.storyboard;
			sourceTree = "<group>";
		};
		034310841D916218002BB8BA /* LaunchScreen.storyboard */ = {
			isa = PBXVariantGroup;
			children = (
				034310851D916218002BB8BA /* Base */,
			);
			name = LaunchScreen.storyboard;
			sourceTree = "<group>";
		};
/* End PBXVariantGroup section */

/* Begin XCBuildConfiguration section */
		034310931D916218002BB8BA /* Debug */ = {
			isa = XCBuildConfiguration;
			buildSettings = {
				ALWAYS_SEARCH_USER_PATHS = NO;
				CLANG_ANALYZER_NONNULL = YES;
				CLANG_CXX_LANGUAGE_STANDARD = "gnu++0x";
				CLANG_CXX_LIBRARY = "libc++";
				CLANG_ENABLE_MODULES = YES;
				CLANG_ENABLE_OBJC_ARC = YES;
				CLANG_WARN_BOOL_CONVERSION = YES;
				CLANG_WARN_CONSTANT_CONVERSION = YES;
				CLANG_WARN_DIRECT_OBJC_ISA_USAGE = YES_ERROR;
				CLANG_WARN_EMPTY_BODY = YES;
				CLANG_WARN_ENUM_CONVERSION = YES;
				CLANG_WARN_INT_CONVERSION = YES;
				CLANG_WARN_OBJC_ROOT_CLASS = YES_ERROR;
				CLANG_WARN_UNREACHABLE_CODE = YES;
				CLANG_WARN__DUPLICATE_METHOD_MATCH = YES;
				"CODE_SIGN_IDENTITY[sdk=iphoneos*]" = "iPhone Developer";
				COPY_PHASE_STRIP = NO;
				DEBUG_INFORMATION_FORMAT = dwarf;
				ENABLE_STRICT_OBJC_MSGSEND = YES;
				ENABLE_TESTABILITY = YES;
				GCC_C_LANGUAGE_STANDARD = gnu99;
				GCC_DYNAMIC_NO_PIC = NO;
				GCC_NO_COMMON_BLOCKS = YES;
				GCC_OPTIMIZATION_LEVEL = 0;
				GCC_PREPROCESSOR_DEFINITIONS = (
					"DEBUG=1",
					"$(inherited)",
				);
				GCC_WARN_64_TO_32_BIT_CONVERSION = YES;
				GCC_WARN_ABOUT_RETURN_TYPE = YES_ERROR;
				GCC_WARN_UNDECLARED_SELECTOR = YES;
				GCC_WARN_UNINITIALIZED_AUTOS = YES_AGGRESSIVE;
				GCC_WARN_UNUSED_FUNCTION = YES;
				GCC_WARN_UNUSED_VARIABLE = YES;
				IPHONEOS_DEPLOYMENT_TARGET = 9.3;
				MTL_ENABLE_DEBUG_INFO = YES;
				ONLY_ACTIVE_ARCH = YES;
				SDKROOT = iphoneos;
				SWIFT_OPTIMIZATION_LEVEL = "-Onone";
			};
			name = Debug;
		};
		034310941D916218002BB8BA /* Release */ = {
			isa = XCBuildConfiguration;
			buildSettings = {
				ALWAYS_SEARCH_USER_PATHS = NO;
				CLANG_ANALYZER_NONNULL = YES;
				CLANG_CXX_LANGUAGE_STANDARD = "gnu++0x";
				CLANG_CXX_LIBRARY = "libc++";
				CLANG_ENABLE_MODULES = YES;
				CLANG_ENABLE_OBJC_ARC = YES;
				CLANG_WARN_BOOL_CONVERSION = YES;
				CLANG_WARN_CONSTANT_CONVERSION = YES;
				CLANG_WARN_DIRECT_OBJC_ISA_USAGE = YES_ERROR;
				CLANG_WARN_EMPTY_BODY = YES;
				CLANG_WARN_ENUM_CONVERSION = YES;
				CLANG_WARN_INT_CONVERSION = YES;
				CLANG_WARN_OBJC_ROOT_CLASS = YES_ERROR;
				CLANG_WARN_UNREACHABLE_CODE = YES;
				CLANG_WARN__DUPLICATE_METHOD_MATCH = YES;
				"CODE_SIGN_IDENTITY[sdk=iphoneos*]" = "iPhone Developer";
				COPY_PHASE_STRIP = NO;
				DEBUG_INFORMATION_FORMAT = "dwarf-with-dsym";
				ENABLE_NS_ASSERTIONS = NO;
				ENABLE_STRICT_OBJC_MSGSEND = YES;
				GCC_C_LANGUAGE_STANDARD = gnu99;
				GCC_NO_COMMON_BLOCKS = YES;
				GCC_WARN_64_TO_32_BIT_CONVERSION = YES;
				GCC_WARN_ABOUT_RETURN_TYPE = YES_ERROR;
				GCC_WARN_UNDECLARED_SELECTOR = YES;
				GCC_WARN_UNINITIALIZED_AUTOS = YES_AGGRESSIVE;
				GCC_WARN_UNUSED_FUNCTION = YES;
				GCC_WARN_UNUSED_VARIABLE = YES;
				IPHONEOS_DEPLOYMENT_TARGET = 9.3;
				MTL_ENABLE_DEBUG_INFO = NO;
				SDKROOT = iphoneos;
				VALIDATE_PRODUCT = YES;
			};
			name = Release;
		};
		034310961D916218002BB8BA /* Debug */ = {
			isa = XCBuildConfiguration;
			baseConfigurationReference = 4BD9BFBE99962DB9587A81E8 /* Pods-TodoAppML.debug.xcconfig */;
			buildSettings = {
				ASSETCATALOG_COMPILER_APPICON_NAME = AppIcon;
				INFOPLIST_FILE = TodoAppML/Info.plist;
				LD_RUNPATH_SEARCH_PATHS = "$(inherited) @executable_path/Frameworks";
				PRODUCT_BUNDLE_IDENTIFIER = com.malaysia.TodoAppML;
				PRODUCT_NAME = "$(TARGET_NAME)";
			};
			name = Debug;
		};
		034310971D916218002BB8BA /* Release */ = {
			isa = XCBuildConfiguration;
			baseConfigurationReference = 968DD01379CE5A06F48E99BB /* Pods-TodoAppML.release.xcconfig */;
			buildSettings = {
				ASSETCATALOG_COMPILER_APPICON_NAME = AppIcon;
				INFOPLIST_FILE = TodoAppML/Info.plist;
				LD_RUNPATH_SEARCH_PATHS = "$(inherited) @executable_path/Frameworks";
				PRODUCT_BUNDLE_IDENTIFIER = com.malaysia.TodoAppML;
				PRODUCT_NAME = "$(TARGET_NAME)";
			};
			name = Release;
		};
		034310991D916218002BB8BA /* Debug */ = {
			isa = XCBuildConfiguration;
			baseConfigurationReference = 95E7D8EC835DAA39DEC92D12 /* Pods-TodoAppMLTests.debug.xcconfig */;
			buildSettings = {
				BUNDLE_LOADER = "$(TEST_HOST)";
				INFOPLIST_FILE = TodoAppMLTests/Info.plist;
				LD_RUNPATH_SEARCH_PATHS = "$(inherited) @executable_path/Frameworks @loader_path/Frameworks";
				PRODUCT_BUNDLE_IDENTIFIER = com.malaysia.TodoAppMLTests;
				PRODUCT_NAME = "$(TARGET_NAME)";
				TEST_HOST = "$(BUILT_PRODUCTS_DIR)/TodoAppML.app/TodoAppML";
			};
			name = Debug;
		};
		0343109A1D916218002BB8BA /* Release */ = {
			isa = XCBuildConfiguration;
			baseConfigurationReference = 634BBCC74C060DE97F4A53CE /* Pods-TodoAppMLTests.release.xcconfig */;
			buildSettings = {
				BUNDLE_LOADER = "$(TEST_HOST)";
				INFOPLIST_FILE = TodoAppMLTests/Info.plist;
				LD_RUNPATH_SEARCH_PATHS = "$(inherited) @executable_path/Frameworks @loader_path/Frameworks";
				PRODUCT_BUNDLE_IDENTIFIER = com.malaysia.TodoAppMLTests;
				PRODUCT_NAME = "$(TARGET_NAME)";
				TEST_HOST = "$(BUILT_PRODUCTS_DIR)/TodoAppML.app/TodoAppML";
			};
			name = Release;
		};
/* End XCBuildConfiguration section */

/* Begin XCConfigurationList section */
		034310731D916218002BB8BA /* Build configuration list for PBXProject "TodoAppML" */ = {
			isa = XCConfigurationList;
			buildConfigurations = (
				034310931D916218002BB8BA /* Debug */,
				034310941D916218002BB8BA /* Release */,
			);
			defaultConfigurationIsVisible = 0;
			defaultConfigurationName = Release;
		};
		034310951D916218002BB8BA /* Build configuration list for PBXNativeTarget "TodoAppML" */ = {
			isa = XCConfigurationList;
			buildConfigurations = (
				034310961D916218002BB8BA /* Debug */,
				034310971D916218002BB8BA /* Release */,
			);
			defaultConfigurationIsVisible = 0;
			defaultConfigurationName = Release;
		};
		034310981D916218002BB8BA /* Build configuration list for PBXNativeTarget "TodoAppMLTests" */ = {
			isa = XCConfigurationList;
			buildConfigurations = (
				034310991D916218002BB8BA /* Debug */,
				0343109A1D916218002BB8BA /* Release */,
			);
			defaultConfigurationIsVisible = 0;
			defaultConfigurationName = Release;
		};
/* End XCConfigurationList section */
	};
	rootObject = 034310701D916218002BB8BA /* Project object */;
}
